{
  "nodes": {
    "crane": {
      "locked": {
        "lastModified": 1766774972,
        "narHash": "sha256-8qxEFpj4dVmIuPn9j9z6NTbU+hrcGjBOvaxTzre5HmM=",
        "owner": "ipetkov",
        "repo": "crane",
        "rev": "01bc1d404a51a0a07e9d8759cd50a7903e218c82",
        "type": "github"
      },
      "original": {
        "owner": "ipetkov",
        "repo": "crane",
        "type": "github"
      }
    },
    "nixpkgs": {
      "locked": {
        "lastModified": 1766747458,
        "narHash": "sha256-m63jjuo/ygo8ztkCziYh5OOIbTSXUDkKbqw3Vuqu4a4=",
        "owner": "NixOS",
        "repo": "nixpkgs",
        "rev": "c633f572eded8c4f3c75b8010129854ed404a6ce",
        "type": "github"
      },
      "original": {
        "owner": "NixOS",
        "ref": "nixpkgs-unstable",
        "repo": "nixpkgs",
        "type": "github"
      }
    },
    "nu-batteries-src": {
      "flake": false,
      "locked": {
        "lastModified": 1760054757,
        "narHash": "sha256-pFKGR1QDKuLc8F53H5hQjP/+NeYPJpIu/MGCSjS3iLk=",
        "owner": "nome",
        "repo": "nu-batteries",
        "rev": "187797585d9f4dd6a2b696d0572eb2b2f2aacd23",
        "type": "github"
      },
      "original": {
        "owner": "nome",
        "repo": "nu-batteries",
        "type": "github"
      }
    },
    "nushell-src": {
      "flake": false,
      "locked": {
        "lastModified": 1764692655,
        "narHash": "sha256-XNDEfmvmUNS90PU4e/EWFyJeg428R8nFPJHpF3tgRWo=",
        "owner": "nushell",
        "repo": "nushell",
        "rev": "cde5f7be8c813173e95ea65f96e79a133f587de7",
        "type": "github"
      },
      "original": {
        "owner": "nushell",
        "ref": "0.109.1",
        "repo": "nushell",
        "type": "github"
      }
    },
    "root": {
      "inputs": {
        "crane": "crane",
        "nixpkgs": "nixpkgs",
        "nu-batteries-src": "nu-batteries-src",
        "nushell-src": "nushell-src",
        "webserver-nu-src": "webserver-nu-src"
      }
    },
    "webserver-nu-src": {
      "flake": false,
      "locked": {
        "lastModified": 1763371940,
        "narHash": "sha256-/0O/uKJaecIEAO2B/fThNzn0WeD+zX4j+23HIlqA71s=",
        "owner": "Jan9103",
        "repo": "webserver.nu",
        "rev": "0827c216101a541e73f2102603ea7f02c4d3e5c5",
        "type": "github"
      },
      "original": {
        "owner": "Jan9103",
        "repo": "webserver.nu",
        "type": "github"
      }
    }
  },
  "root": "root",
  "version": 7
}
