{
  "nodes": {
    "crane": {
      "locked": {
        "lastModified": 1785284101,
        "narHash": "sha256-ghcXEpYEM4a7pbEkoqbn8c0ptJJqgGzuFiG3T6W5g4I=",
        "owner": "ipetkov",
        "repo": "crane",
        "rev": "756d6d07c3818ea95d1e2cdac63fa7d02fe3e61b",
        "type": "github"
      },
      "original": {
        "owner": "ipetkov",
        "repo": "crane",
        "type": "github"
      }
    },
    "nixpkgs": {
      "locked": {
        "lastModified": 1785301185,
        "narHash": "sha256-eoS3KQTO0aPWXZvIaRbRAzSSHW3l5wdMFXtT1ISfoKA=",
        "owner": "NixOS",
        "repo": "nixpkgs",
        "rev": "9bc02893134c733dd85de46ee4fb2fac696b5529",
        "type": "github"
      },
      "original": {
        "owner": "NixOS",
        "ref": "nixpkgs-unstable",
        "repo": "nixpkgs",
        "type": "github"
      }
    },
    "nu-batteries-src": {
      "flake": false,
      "locked": {
        "lastModified": 1760054757,
        "narHash": "sha256-pFKGR1QDKuLc8F53H5hQjP/+NeYPJpIu/MGCSjS3iLk=",
        "owner": "nome",
        "repo": "nu-batteries",
        "rev": "187797585d9f4dd6a2b696d0572eb2b2f2aacd23",
        "type": "github"
      },
      "original": {
        "owner": "nome",
        "repo": "nu-batteries",
        "type": "github"
      }
    },
    "root": {
      "inputs": {
        "crane": "crane",
        "nixpkgs": "nixpkgs",
        "nu-batteries-src": "nu-batteries-src"
      }
    }
  },
  "root": "root",
  "version": 7
}
