{
  "nodes": {
    "crane": {
      "locked": {
        "lastModified": 1725409566,
        "owner": "ipetkov",
        "repo": "crane",
        "rev": "7e4586bad4e3f8f97a9271def747cf58c4b68f3c",
        "treeHash": "66d42c0f46773631c63ec3646aae2ff9f79ea85e",
        "type": "github"
      },
      "original": {
        "owner": "ipetkov",
        "repo": "crane",
        "type": "github"
      }
    },
    "devenv": {
      "locked": {
        "dir": "src/modules",
        "lastModified": 1726417371,
        "owner": "cachix",
        "repo": "devenv",
        "rev": "1f55f89ca32d617b7a7c18422e3c364cb003df3d",
        "treeHash": "b6e4651ee4f4a5a9708e4c815783148d705c7027",
        "type": "github"
      },
      "original": {
        "dir": "src/modules",
        "owner": "cachix",
        "repo": "devenv",
        "type": "github"
      }
    },
    "flake-compat": {
      "flake": false,
      "locked": {
        "lastModified": 1696426674,
        "owner": "edolstra",
        "repo": "flake-compat",
        "rev": "0f9255e01c2351cc7d116c072cb317785dd33b33",
        "treeHash": "2addb7b71a20a25ea74feeaf5c2f6a6b30898ecb",
        "type": "github"
      },
      "original": {
        "owner": "edolstra",
        "repo": "flake-compat",
        "type": "github"
      }
    },
    "gitignore": {
      "inputs": {
        "nixpkgs": [
          "pre-commit-hooks",
          "nixpkgs"
        ]
      },
      "locked": {
        "lastModified": 1709087332,
        "owner": "hercules-ci",
        "repo": "gitignore.nix",
        "rev": "637db329424fd7e46cf4185293b9cc8c88c95394",
        "treeHash": "ca14199cabdfe1a06a7b1654c76ed49100a689f9",
        "type": "github"
      },
      "original": {
        "owner": "hercules-ci",
        "repo": "gitignore.nix",
        "type": "github"
      }
    },
    "nixpkgs": {
      "locked": {
        "lastModified": 1726436956,
        "owner": "NixOS",
        "repo": "nixpkgs",
        "rev": "039b72d0c738c934e2e36d7fc5520d1b425287a6",
        "treeHash": "fc1e90383b0d17eb448a46211abee3787ca3eccd",
        "type": "github"
      },
      "original": {
        "owner": "NixOS",
        "ref": "nixpkgs-unstable",
        "repo": "nixpkgs",
        "type": "github"
      }
    },
    "nixpkgs-stable": {
      "locked": {
        "lastModified": 1726320982,
        "owner": "NixOS",
        "repo": "nixpkgs",
        "rev": "8f7492cce28977fbf8bd12c72af08b1f6c7c3e49",
        "treeHash": "01138919459f4bdcf23e6289eaf3329667e00707",
        "type": "github"
      },
      "original": {
        "owner": "NixOS",
        "ref": "nixos-24.05",
        "repo": "nixpkgs",
        "type": "github"
      }
    },
    "nushellWith": {
      "inputs": {
        "crane": "crane"
      },
      "locked": {
        "lastModified": 1726500153,
        "owner": "YPares",
        "repo": "nushellWith",
        "rev": "b51c40f3ac384b4c419994ef948e3746a8f12e48",
        "treeHash": "b448621fa5ac53f20857122c93fbd41050a7d447",
        "type": "github"
      },
      "original": {
        "owner": "YPares",
        "repo": "nushellWith",
        "type": "github"
      }
    },
    "pre-commit-hooks": {
      "inputs": {
        "flake-compat": "flake-compat",
        "gitignore": "gitignore",
        "nixpkgs": [
          "nixpkgs"
        ],
        "nixpkgs-stable": "nixpkgs-stable"
      },
      "locked": {
        "lastModified": 1725513492,
        "owner": "cachix",
        "repo": "pre-commit-hooks.nix",
        "rev": "7570de7b9b504cfe92025dd1be797bf546f66528",
        "treeHash": "4b46d77870afecd8f642541cb4f4927326343b59",
        "type": "github"
      },
      "original": {
        "owner": "cachix",
        "repo": "pre-commit-hooks.nix",
        "type": "github"
      }
    },
    "root": {
      "inputs": {
        "devenv": "devenv",
        "nixpkgs": "nixpkgs",
        "nushellWith": "nushellWith",
        "pre-commit-hooks": "pre-commit-hooks"
      }
    }
  },
  "root": "root",
  "version": 7
}
