{
  "nodes": {
    "crane": {
      "locked": {
        "lastModified": 1731098351,
        "narHash": "sha256-HQkYvKvaLQqNa10KEFGgWHfMAbWBfFp+4cAgkut+NNE=",
        "owner": "ipetkov",
        "repo": "crane",
        "rev": "ef80ead953c1b28316cc3f8613904edc2eb90c28",
        "type": "github"
      },
      "original": {
        "owner": "ipetkov",
        "repo": "crane",
        "type": "github"
      }
    },
    "crates-io-index": {
      "flake": false,
      "locked": {
        "lastModified": 1731941156,
        "narHash": "sha256-53wUqiIV4+cVaxVPY2nZuRQTevqZ91PZdGLFtPFuNFU=",
        "owner": "rust-lang",
        "repo": "crates.io-index",
        "rev": "88a2e92b5b4dc381aefc8a169bac73d5b704a7e5",
        "type": "github"
      },
      "original": {
        "owner": "rust-lang",
        "repo": "crates.io-index",
        "type": "github"
      }
    },
    "flake-utils": {
      "inputs": {
        "systems": "systems"
      },
      "locked": {
        "lastModified": 1731533236,
        "narHash": "sha256-l0KFg5HjrsfsO/JpG+r7fRrqm12kzFHyUHqHCVpMMbI=",
        "owner": "numtide",
        "repo": "flake-utils",
        "rev": "11707dc2f618dd54ca8739b309ec4fc024de578b",
        "type": "github"
      },
      "original": {
        "owner": "numtide",
        "repo": "flake-utils",
        "type": "github"
      }
    },
    "nixpkgs": {
      "locked": {
        "lastModified": 1732617236,
        "narHash": "sha256-PYkz6U0bSEaEB1al7O1XsqVNeSNS+s3NVclJw7YC43w=",
        "owner": "NixOS",
        "repo": "nixpkgs",
        "rev": "af51545ec9a44eadf3fe3547610a5cdd882bc34e",
        "type": "github"
      },
      "original": {
        "owner": "NixOS",
        "ref": "nixpkgs-unstable",
        "repo": "nixpkgs",
        "type": "github"
      }
    },
    "nu-batteries-src": {
      "flake": false,
      "locked": {
        "lastModified": 1727425773,
        "narHash": "sha256-O63ifHjEVrxuWIDtMbnrF13RB0cME6ggZeKBDxozuUg=",
        "owner": "nome",
        "repo": "nu-batteries",
        "rev": "51bea68cfc5c00aa38188d9c602b037e29da7443",
        "type": "github"
      },
      "original": {
        "owner": "nome",
        "repo": "nu-batteries",
        "type": "github"
      }
    },
    "nushellWith": {
      "inputs": {
        "crane": "crane",
        "crates-io-index": "crates-io-index",
        "nixpkgs": [
          "nixpkgs"
        ],
        "nu-batteries-src": "nu-batteries-src",
        "webserver-nu-src": "webserver-nu-src"
      },
      "locked": {
        "lastModified": 0,
        "narHash": "sha256-TAWcBmUdkEPD9FDwatwjw2KxMi3/X71z6Gm02Eyuhcg=",
        "path": "/nix/store/lbv8b8njwjryws67lhbxbhc7g6qk2q1h-source",
        "type": "path"
      },
      "original": {
        "path": "/nix/store/lbv8b8njwjryws67lhbxbhc7g6qk2q1h-source",
        "type": "path"
      }
    },
    "root": {
      "inputs": {
        "flake-utils": "flake-utils",
        "nixpkgs": "nixpkgs",
        "nushellWith": "nushellWith"
      }
    },
    "systems": {
      "locked": {
        "lastModified": 1681028828,
        "narHash": "sha256-Vy1rq5AaRuLzOxct8nz4T6wlgyUR7zLU309k9mBC768=",
        "owner": "nix-systems",
        "repo": "default",
        "rev": "da67096a3b9bf56a91d16901293e51ba5b49a27e",
        "type": "github"
      },
      "original": {
        "owner": "nix-systems",
        "repo": "default",
        "type": "github"
      }
    },
    "webserver-nu-src": {
      "flake": false,
      "locked": {
        "lastModified": 1731493749,
        "narHash": "sha256-CizaQadG5JrjZVbsMV1e8fQg01CEkH6UsLgjz8E8h98=",
        "owner": "Jan9103",
        "repo": "webserver.nu",
        "rev": "fa9a376fe549b4f4b6349dd3b0b00c5e0903e537",
        "type": "github"
      },
      "original": {
        "owner": "Jan9103",
        "repo": "webserver.nu",
        "type": "github"
      }
    }
  },
  "root": "root",
  "version": 7
}
