{
  "nodes": {
    "crane": {
      "locked": {
        "lastModified": 1727316705,
        "narHash": "sha256-/mumx8AQ5xFuCJqxCIOFCHTVlxHkMT21idpbgbm/TIE=",
        "owner": "ipetkov",
        "repo": "crane",
        "rev": "5b03654ce046b5167e7b0bccbd8244cb56c16f0e",
        "type": "github"
      },
      "original": {
        "owner": "ipetkov",
        "repo": "crane",
        "type": "github"
      }
    },
    "flake-utils": {
      "inputs": {
        "systems": "systems"
      },
      "locked": {
        "lastModified": 1726560853,
        "narHash": "sha256-X6rJYSESBVr3hBoH0WbKE5KvhPU5bloyZ2L4K60/fPQ=",
        "owner": "numtide",
        "repo": "flake-utils",
        "rev": "c1dfcf08411b08f6b8615f7d8971a2bfa81d5e8a",
        "type": "github"
      },
      "original": {
        "owner": "numtide",
        "repo": "flake-utils",
        "type": "github"
      }
    },
    "flake-utils_2": {
      "inputs": {
        "systems": "systems_2"
      },
      "locked": {
        "lastModified": 1726560853,
        "narHash": "sha256-X6rJYSESBVr3hBoH0WbKE5KvhPU5bloyZ2L4K60/fPQ=",
        "owner": "numtide",
        "repo": "flake-utils",
        "rev": "c1dfcf08411b08f6b8615f7d8971a2bfa81d5e8a",
        "type": "github"
      },
      "original": {
        "owner": "numtide",
        "repo": "flake-utils",
        "type": "github"
      }
    },
    "highlight": {
      "flake": false,
      "locked": {
        "lastModified": 1726749946,
        "narHash": "sha256-G669d13JBLdy/1RUXtgZkiQhjgn3SqV34VlLbQoVOzc=",
        "owner": "cptpiepmatz",
        "repo": "nu-plugin-highlight",
        "rev": "cbe93bfdf67c95dd91f08bfb1bc8e8cdffb4fbd0",
        "type": "github"
      },
      "original": {
        "owner": "cptpiepmatz",
        "repo": "nu-plugin-highlight",
        "type": "github"
      }
    },
    "nixpkgs": {
      "locked": {
        "lastModified": 1727266098,
        "narHash": "sha256-AHTKbJ9ffR7Nx+XcR2XP0AYLI4OlUh2IGh4SAkdG5Ig=",
        "owner": "NixOS",
        "repo": "nixpkgs",
        "rev": "4f31540079322e6013930b5b2563fd10f96917f0",
        "type": "github"
      },
      "original": {
        "owner": "NixOS",
        "ref": "nixpkgs-unstable",
        "repo": "nixpkgs",
        "type": "github"
      }
    },
    "nixpkgs_2": {
      "locked": {
        "lastModified": 1727266098,
        "narHash": "sha256-AHTKbJ9ffR7Nx+XcR2XP0AYLI4OlUh2IGh4SAkdG5Ig=",
        "owner": "NixOS",
        "repo": "nixpkgs",
        "rev": "4f31540079322e6013930b5b2563fd10f96917f0",
        "type": "github"
      },
      "original": {
        "owner": "NixOS",
        "ref": "nixpkgs-unstable",
        "repo": "nixpkgs",
        "type": "github"
      }
    },
    "nushellWith": {
      "inputs": {
        "crane": "crane",
        "flake-utils": "flake-utils_2",
        "nixpkgs": "nixpkgs_2",
        "webserver-nu-src": "webserver-nu-src"
      },
      "locked": {
        "lastModified": 0,
        "narHash": "sha256-tFyWE3f9EXyGzXAypfetIs7b5f9Kx7QaHUXb9LygkN4=",
        "path": "/nix/store/vhn843667wgd4ryxfaznkhln964bgxfv-source",
        "type": "path"
      },
      "original": {
        "path": "/nix/store/vhn843667wgd4ryxfaznkhln964bgxfv-source",
        "type": "path"
      }
    },
    "root": {
      "inputs": {
        "flake-utils": "flake-utils",
        "highlight": "highlight",
        "nixpkgs": "nixpkgs",
        "nushellWith": "nushellWith"
      }
    },
    "systems": {
      "locked": {
        "lastModified": 1681028828,
        "narHash": "sha256-Vy1rq5AaRuLzOxct8nz4T6wlgyUR7zLU309k9mBC768=",
        "owner": "nix-systems",
        "repo": "default",
        "rev": "da67096a3b9bf56a91d16901293e51ba5b49a27e",
        "type": "github"
      },
      "original": {
        "owner": "nix-systems",
        "repo": "default",
        "type": "github"
      }
    },
    "systems_2": {
      "locked": {
        "lastModified": 1681028828,
        "narHash": "sha256-Vy1rq5AaRuLzOxct8nz4T6wlgyUR7zLU309k9mBC768=",
        "owner": "nix-systems",
        "repo": "default",
        "rev": "da67096a3b9bf56a91d16901293e51ba5b49a27e",
        "type": "github"
      },
      "original": {
        "owner": "nix-systems",
        "repo": "default",
        "type": "github"
      }
    },
    "webserver-nu-src": {
      "flake": false,
      "locked": {
        "lastModified": 1725923972,
        "narHash": "sha256-JVE3osZQvbT+ufjulKsgf3OGj93LD7LjbreS21TTTOk=",
        "owner": "Jan9103",
        "repo": "webserver.nu",
        "rev": "9d7d43b19bbe85fdd7e951d5ff76f7a1f7fde34e",
        "type": "github"
      },
      "original": {
        "owner": "Jan9103",
        "repo": "webserver.nu",
        "type": "github"
      }
    }
  },
  "root": "root",
  "version": 7
}
